{
  "version": 4,
  "terraform_version": "1.1.6",
  "serial": 84,
  "lineage": "dfceefa0-cf5b-0499-dc2a-940eb27a2879",
  "outputs": {
    "cidr_block": {
      "value": "10.1.0.0/16",
      "type": "string"
    },
    "owner_id": {
      "value": "563563183810",
      "type": "string"
    },
    "subnet_id": {
      "value": "subnet-00d86c9b4371611b3",
      "type": "string"
    },
    "vpc_id": {
      "value": "vpc-03a5d51ac6ab827e8",
      "type": "string"
    }
  },
  "resources": [
    {
      "mode": "managed",
      "type": "aws_internet_gateway",
      "name": "terraform_igw",
      "provider": "provider[\"registry.terraform.io/hashicorp/aws\"]",
      "instances": [
        {
          "schema_version": 0,
          "attributes": {
            "arn": "arn:aws:ec2:ap-south-1:563563183810:internet-gateway/igw-04a6a8f881f2ea0c1",
            "id": "igw-04a6a8f881f2ea0c1",
            "owner_id": "563563183810",
            "tags": {
              "Name": "vpc_terraform_igw"
            },
            "tags_all": {
              "Name": "vpc_terraform_igw"
            },
            "vpc_id": "vpc-03a5d51ac6ab827e8"
          },
          "sensitive_attributes": [],
          "private": "bnVsbA==",
          "dependencies": [
            "aws_vpc.vpc_terraform"
          ]
        }
      ]
    },
    {
      "mode": "managed",
      "type": "aws_route_table",
      "name": "terrafrom_rt",
      "provider": "provider[\"registry.terraform.io/hashicorp/aws\"]",
      "instances": [
        {
          "schema_version": 0,
          "attributes": {
            "arn": "arn:aws:ec2:ap-south-1:563563183810:route-table/rtb-02928a1069b33546e",
            "id": "rtb-02928a1069b33546e",
            "owner_id": "563563183810",
            "propagating_vgws": [],
            "route": [
              {
                "carrier_gateway_id": "",
                "cidr_block": "0.0.0.0/0",
                "destination_prefix_list_id": "",
                "egress_only_gateway_id": "",
                "gateway_id": "igw-04a6a8f881f2ea0c1",
                "instance_id": "",
                "ipv6_cidr_block": "",
                "local_gateway_id": "",
                "nat_gateway_id": "",
                "network_interface_id": "",
                "transit_gateway_id": "",
                "vpc_endpoint_id": "",
                "vpc_peering_connection_id": ""
              }
            ],
            "tags": {
              "Name": "terraform_RT"
            },
            "tags_all": {
              "Name": "terraform_RT"
            },
            "timeouts": null,
            "vpc_id": "vpc-03a5d51ac6ab827e8"
          },
          "sensitive_attributes": [],
          "private": "eyJlMmJmYjczMC1lY2FhLTExZTYtOGY4OC0zNDM2M2JjN2M0YzAiOnsiY3JlYXRlIjozMDAwMDAwMDAwMDAsImRlbGV0ZSI6MzAwMDAwMDAwMDAwLCJ1cGRhdGUiOjEyMDAwMDAwMDAwMH19",
          "dependencies": [
            "aws_internet_gateway.terraform_igw",
            "aws_vpc.vpc_terraform"
          ]
        }
      ]
    },
    {
      "mode": "managed",
      "type": "aws_subnet",
      "name": "subnet_1",
      "provider": "provider[\"registry.terraform.io/hashicorp/aws\"]",
      "instances": [
        {
          "schema_version": 1,
          "attributes": {
            "arn": "arn:aws:ec2:ap-south-1:563563183810:subnet/subnet-00d86c9b4371611b3",
            "assign_ipv6_address_on_creation": false,
            "availability_zone": "ap-south-1c",
            "availability_zone_id": "aps1-az2",
            "cidr_block": "10.1.1.0/24",
            "customer_owned_ipv4_pool": "",
            "enable_dns64": false,
            "enable_resource_name_dns_a_record_on_launch": false,
            "enable_resource_name_dns_aaaa_record_on_launch": false,
            "id": "subnet-00d86c9b4371611b3",
            "ipv6_cidr_block": "",
            "ipv6_cidr_block_association_id": "",
            "ipv6_native": false,
            "map_customer_owned_ip_on_launch": false,
            "map_public_ip_on_launch": false,
            "outpost_arn": "",
            "owner_id": "563563183810",
            "private_dns_hostname_type_on_launch": "ip-name",
            "tags": {
              "Name": "vpc_terraform_subnet_1",
              "availability_zone": "ap-south-1a"
            },
            "tags_all": {
              "Name": "vpc_terraform_subnet_1",
              "availability_zone": "ap-south-1a"
            },
            "timeouts": null,
            "vpc_id": "vpc-03a5d51ac6ab827e8"
          },
          "sensitive_attributes": [],
          "private": "eyJlMmJmYjczMC1lY2FhLTExZTYtOGY4OC0zNDM2M2JjN2M0YzAiOnsiY3JlYXRlIjo2MDAwMDAwMDAwMDAsImRlbGV0ZSI6MTIwMDAwMDAwMDAwMH0sInNjaGVtYV92ZXJzaW9uIjoiMSJ9",
          "dependencies": [
            "aws_vpc.vpc_terraform"
          ]
        }
      ]
    },
    {
      "mode": "managed",
      "type": "aws_subnet",
      "name": "subnet_2",
      "provider": "provider[\"registry.terraform.io/hashicorp/aws\"]",
      "instances": [
        {
          "schema_version": 1,
          "attributes": {
            "arn": "arn:aws:ec2:ap-south-1:563563183810:subnet/subnet-04b8c84a9e46862b0",
            "assign_ipv6_address_on_creation": false,
            "availability_zone": "ap-south-1b",
            "availability_zone_id": "aps1-az3",
            "cidr_block": "10.1.2.0/24",
            "customer_owned_ipv4_pool": "",
            "enable_dns64": false,
            "enable_resource_name_dns_a_record_on_launch": false,
            "enable_resource_name_dns_aaaa_record_on_launch": false,
            "id": "subnet-04b8c84a9e46862b0",
            "ipv6_cidr_block": "",
            "ipv6_cidr_block_association_id": "",
            "ipv6_native": false,
            "map_customer_owned_ip_on_launch": false,
            "map_public_ip_on_launch": false,
            "outpost_arn": "",
            "owner_id": "563563183810",
            "private_dns_hostname_type_on_launch": "ip-name",
            "tags": {
              "Name": "vpc_terraform_subnet_2",
              "availability_zone": "ap-south-1b"
            },
            "tags_all": {
              "Name": "vpc_terraform_subnet_2",
              "availability_zone": "ap-south-1b"
            },
            "timeouts": null,
            "vpc_id": "vpc-03a5d51ac6ab827e8"
          },
          "sensitive_attributes": [],
          "private": "eyJlMmJmYjczMC1lY2FhLTExZTYtOGY4OC0zNDM2M2JjN2M0YzAiOnsiY3JlYXRlIjo2MDAwMDAwMDAwMDAsImRlbGV0ZSI6MTIwMDAwMDAwMDAwMH0sInNjaGVtYV92ZXJzaW9uIjoiMSJ9",
          "dependencies": [
            "aws_vpc.vpc_terraform"
          ]
        }
      ]
    },
    {
      "mode": "managed",
      "type": "aws_subnet",
      "name": "subnet_3",
      "provider": "provider[\"registry.terraform.io/hashicorp/aws\"]",
      "instances": [
        {
          "schema_version": 1,
          "attributes": {
            "arn": "arn:aws:ec2:ap-south-1:563563183810:subnet/subnet-0fcc8276cf7041973",
            "assign_ipv6_address_on_creation": false,
            "availability_zone": "ap-south-1a",
            "availability_zone_id": "aps1-az1",
            "cidr_block": "10.1.3.0/24",
            "customer_owned_ipv4_pool": "",
            "enable_dns64": false,
            "enable_resource_name_dns_a_record_on_launch": false,
            "enable_resource_name_dns_aaaa_record_on_launch": false,
            "id": "subnet-0fcc8276cf7041973",
            "ipv6_cidr_block": "",
            "ipv6_cidr_block_association_id": "",
            "ipv6_native": false,
            "map_customer_owned_ip_on_launch": false,
            "map_public_ip_on_launch": false,
            "outpost_arn": "",
            "owner_id": "563563183810",
            "private_dns_hostname_type_on_launch": "ip-name",
            "tags": {
              "Name": "vpc_terraform_subnet_3",
              "availability_zone": "ap-south-1c"
            },
            "tags_all": {
              "Name": "vpc_terraform_subnet_3",
              "availability_zone": "ap-south-1c"
            },
            "timeouts": null,
            "vpc_id": "vpc-03a5d51ac6ab827e8"
          },
          "sensitive_attributes": [],
          "private": "eyJlMmJmYjczMC1lY2FhLTExZTYtOGY4OC0zNDM2M2JjN2M0YzAiOnsiY3JlYXRlIjo2MDAwMDAwMDAwMDAsImRlbGV0ZSI6MTIwMDAwMDAwMDAwMH0sInNjaGVtYV92ZXJzaW9uIjoiMSJ9",
          "dependencies": [
            "aws_vpc.vpc_terraform"
          ]
        }
      ]
    },
    {
      "mode": "managed",
      "type": "aws_vpc",
      "name": "vpc_terraform",
      "provider": "provider[\"registry.terraform.io/hashicorp/aws\"]",
      "instances": [
        {
          "schema_version": 1,
          "attributes": {
            "arn": "arn:aws:ec2:ap-south-1:563563183810:vpc/vpc-03a5d51ac6ab827e8",
            "assign_generated_ipv6_cidr_block": false,
            "cidr_block": "10.1.0.0/16",
            "default_network_acl_id": "acl-030bb2925181b2569",
            "default_route_table_id": "rtb-0614b67c1106a9bd6",
            "default_security_group_id": "sg-0a477f61b6444518d",
            "dhcp_options_id": "dopt-074d444bc611efac3",
            "enable_classiclink": false,
            "enable_classiclink_dns_support": false,
            "enable_dns_hostnames": true,
            "enable_dns_support": true,
            "id": "vpc-03a5d51ac6ab827e8",
            "instance_tenancy": "default",
            "ipv4_ipam_pool_id": null,
            "ipv4_netmask_length": null,
            "ipv6_association_id": "",
            "ipv6_cidr_block": "",
            "ipv6_cidr_block_network_border_group": "",
            "ipv6_ipam_pool_id": "",
            "ipv6_netmask_length": 0,
            "main_route_table_id": "rtb-0614b67c1106a9bd6",
            "owner_id": "563563183810",
            "tags": {
              "Name": "vpc_terraform",
              "environment": "prod",
              "owner": "rajesh pasam"
            },
            "tags_all": {
              "Name": "vpc_terraform",
              "environment": "prod",
              "owner": "rajesh pasam"
            }
          },
          "sensitive_attributes": [],
          "private": "eyJzY2hlbWFfdmVyc2lvbiI6IjEifQ=="
        }
      ]
    }
  ]
}
